
Microsoft Visual Studio Solution File, Format Version 12.00
# Visual Studio Version 16
VisualStudioVersion = 25.0.1704.2
MinimumVisualStudioVersion = 10.0.40219.1
Project("{FAE04EC0-301F-11D3-BF4B-00C04F79EFBC}") = "ProgrammingLanguages", "ProgrammingLanguages\ProgrammingLanguages.csproj", "{2230C518-B912-4C91-BB63-E8D2084F810E}"
EndProject
Global
	GlobalSection(SolutionConfigurationPlatforms) = preSolution
		Debug|Any CPU = Debug|Any CPU
		Release|Any CPU = Release|Any CPU
	EndGlobalSection
	GlobalSection(ProjectConfigurationPlatforms) = postSolution
		{2230C518-B912-4C91-BB63-E8D2084F810E}.Debug|Any CPU.ActiveCfg = Debug|Any CPU
		{2230C518-B912-4C91-BB63-E8D2084F810E}.Debug|Any CPU.Build.0 = Debug|Any CPU
		{2230C518-B912-4C91-BB63-E8D2084F810E}.Release|Any CPU.ActiveCfg = Release|Any CPU
		{2230C518-B912-4C91-BB63-E8D2084F810E}.Release|Any CPU.Build.0 = Release|Any CPU
	EndGlobalSection
	GlobalSection(SolutionProperties) = preSolution
		HideSolutionNode = FALSE
	EndGlobalSection
	GlobalSection(ExtensibilityGlobals) = postSolution
		SolutionGuid = {69A4FD34-08D1-425F-A913-CEDEBA4586E3}
	EndGlobalSection
EndGlobal
